
Microsoft Visual Studio Solution File, Format Version 12.00
# Visual Studio Version 17
VisualStudioVersion = 17.6.33801.468
MinimumVisualStudioVersion = 10.0.40219.1
Project("{9A19103F-16F7-4668-BE54-9A1E7A4F7556}") = "A2algo", "A2algo.csproj", "{35122911-8E29-47EB-8F6F-DF3772D5A033}"
EndProject
Project("{9A19103F-16F7-4668-BE54-9A1E7A4F7556}") = "Entities", "..\Entity\Entities.csproj", "{4B8BC30A-5BC4-46A7-ACA7-2358AAEA3BAD}"
EndProject
Project("{9A19103F-16F7-4668-BE54-9A1E7A4F7556}") = "DataAccess", "..\DataAccess\DataAccess.csproj", "{09678D39-1E56-45B5-9745-A585B52E72A8}"
EndProject
Project("{FAE04EC0-301F-11D3-BF4B-00C04F79EFBC}") = "BusinessLayer", "..\BusinessLayer\BusinessLayer.csproj", "{3FC02F6D-31A5-4FD1-82EC-6EF165DCACFA}"
EndProject
Global
	GlobalSection(SolutionConfigurationPlatforms) = preSolution
		Debug|Any CPU = Debug|Any CPU
		Release|Any CPU = Release|Any CPU
	EndGlobalSection
	GlobalSection(ProjectConfigurationPlatforms) = postSolution
		{35122911-8E29-47EB-8F6F-DF3772D5A033}.Debug|Any CPU.ActiveCfg = Debug|Any CPU
		{35122911-8E29-47EB-8F6F-DF3772D5A033}.Debug|Any CPU.Build.0 = Debug|Any CPU
		{35122911-8E29-47EB-8F6F-DF3772D5A033}.Release|Any CPU.ActiveCfg = Release|Any CPU
		{35122911-8E29-47EB-8F6F-DF3772D5A033}.Release|Any CPU.Build.0 = Release|Any CPU
		{4B8BC30A-5BC4-46A7-ACA7-2358AAEA3BAD}.Debug|Any CPU.ActiveCfg = Debug|Any CPU
		{4B8BC30A-5BC4-46A7-ACA7-2358AAEA3BAD}.Debug|Any CPU.Build.0 = Debug|Any CPU
		{4B8BC30A-5BC4-46A7-ACA7-2358AAEA3BAD}.Release|Any CPU.ActiveCfg = Release|Any CPU
		{4B8BC30A-5BC4-46A7-ACA7-2358AAEA3BAD}.Release|Any CPU.Build.0 = Release|Any CPU
		{09678D39-1E56-45B5-9745-A585B52E72A8}.Debug|Any CPU.ActiveCfg = Debug|Any CPU
		{09678D39-1E56-45B5-9745-A585B52E72A8}.Debug|Any CPU.Build.0 = Debug|Any CPU
		{09678D39-1E56-45B5-9745-A585B52E72A8}.Release|Any CPU.ActiveCfg = Release|Any CPU
		{09678D39-1E56-45B5-9745-A585B52E72A8}.Release|Any CPU.Build.0 = Release|Any CPU
		{3FC02F6D-31A5-4FD1-82EC-6EF165DCACFA}.Debug|Any CPU.ActiveCfg = Debug|Any CPU
		{3FC02F6D-31A5-4FD1-82EC-6EF165DCACFA}.Debug|Any CPU.Build.0 = Debug|Any CPU
		{3FC02F6D-31A5-4FD1-82EC-6EF165DCACFA}.Release|Any CPU.ActiveCfg = Release|Any CPU
		{3FC02F6D-31A5-4FD1-82EC-6EF165DCACFA}.Release|Any CPU.Build.0 = Release|Any CPU
	EndGlobalSection
	GlobalSection(SolutionProperties) = preSolution
		HideSolutionNode = FALSE
	EndGlobalSection
	GlobalSection(ExtensibilityGlobals) = postSolution
		SolutionGuid = {893CE510-AA36-4BCD-B374-5F6B10CE0C40}
	EndGlobalSection
EndGlobal
